{
  "version": 4,
  "terraform_version": "1.5.1",
  "serial": 1,
  "lineage": "59499fc5-bd51-e4c2-03db-7fea73b2607d",
  "outputs": {},
  "resources": [
    {
      "module": "module.ecr-repo",
      "mode": "managed",
      "type": "aws_ecr_repository",
      "name": "ecr",
      "provider": "provider[\"registry.terraform.io/hashicorp/aws\"]",
      "instances": [
        {
          "index_key": "demoapp/frontendservice",
          "schema_version": 0,
          "attributes": {
            "arn": "arn:aws:ecr:us-east-1:873322873621:repository/demoapp/frontendservice",
            "encryption_configuration": [
              {
                "encryption_type": "AES256",
                "kms_key": ""
              }
            ],
            "id": "demoapp/frontendservice",
            "image_scanning_configuration": [
              {
                "scan_on_push": true
              }
            ],
            "image_tag_mutability": "MUTABLE",
            "name": "demoapp/frontendservice",
            "registry_id": "873322873621",
            "repository_url": "873322873621.dkr.ecr.us-east-1.amazonaws.com/demoapp/frontendservice",
            "tags": {
              "Environment": "Dev"
            },
            "tags_all": {
              "Environment": "Dev"
            },
            "timeouts": null
          },
          "sensitive_attributes": [],
          "private": "eyJlMmJmYjczMC1lY2FhLTExZTYtOGY4OC0zNDM2M2JjN2M0YzAiOnsiZGVsZXRlIjoxMjAwMDAwMDAwMDAwfX0="
        }
      ]
    }
  ],
  "check_results": null
}
